
Microsoft Visual Studio Solution File, Format Version 12.00
# Visual Studio Version 16
VisualStudioVersion = 16.0.31624.102
MinimumVisualStudioVersion = 10.0.40219.1
Project("{2150E333-8FDC-42A3-9474-1A3956D46DE8}") = "1- Application", "1- Application", "{EBCA3D9E-1EAD-42B0-AEAC-DD674D9EA4D8}"
EndProject
Project("{2150E333-8FDC-42A3-9474-1A3956D46DE8}") = "2- Domain", "2- Domain", "{A76C8102-61AA-4CB5-804E-B05C08F2458B}"
EndProject
Project("{2150E333-8FDC-42A3-9474-1A3956D46DE8}") = "3- Service", "3- Service", "{A45FC9AA-6E37-4285-BC04-46A535878124}"
EndProject
Project("{2150E333-8FDC-42A3-9474-1A3956D46DE8}") = "4- Infra", "4- Infra", "{50D8E0EB-A74D-4744-B486-E5DE724B9A78}"
EndProject
Project("{2150E333-8FDC-42A3-9474-1A3956D46DE8}") = "4.1- Data", "4.1- Data", "{B8755BD1-DB7B-4197-AA30-93D9F32CAA86}"
EndProject
Project("{2150E333-8FDC-42A3-9474-1A3956D46DE8}") = "4.2- CrossCutting", "4.2- CrossCutting", "{E76D8C98-BCDD-42D6-9BF9-4A4EF932FCD2}"
EndProject
Project("{FAE04EC0-301F-11D3-BF4B-00C04F79EFBC}") = "Application", "Application\Application.csproj", "{1C44443C-73B3-4FCE-A593-79A8378D2D9F}"
EndProject
Project("{FAE04EC0-301F-11D3-BF4B-00C04F79EFBC}") = "Domain", "Domain\Domain.csproj", "{44073A4C-FBBD-4497-A3DC-FD80DADC85E5}"
EndProject
Project("{FAE04EC0-301F-11D3-BF4B-00C04F79EFBC}") = "Service", "Service\Service.csproj", "{D450B810-B828-4FCA-B3E2-03DF7D8792E3}"
EndProject
Project("{FAE04EC0-301F-11D3-BF4B-00C04F79EFBC}") = "Data", "Data\Data.csproj", "{17502C87-3CF4-477F-A02E-770B24413095}"
EndProject
Project("{FAE04EC0-301F-11D3-BF4B-00C04F79EFBC}") = "CrossCutting", "CrossCutting\CrossCutting.csproj", "{AAD44595-9C6C-421E-933C-95B5864B22D6}"
EndProject
Global
	GlobalSection(SolutionConfigurationPlatforms) = preSolution
		Debug|Any CPU = Debug|Any CPU
		Release|Any CPU = Release|Any CPU
	EndGlobalSection
	GlobalSection(ProjectConfigurationPlatforms) = postSolution
		{1C44443C-73B3-4FCE-A593-79A8378D2D9F}.Debug|Any CPU.ActiveCfg = Debug|Any CPU
		{1C44443C-73B3-4FCE-A593-79A8378D2D9F}.Debug|Any CPU.Build.0 = Debug|Any CPU
		{1C44443C-73B3-4FCE-A593-79A8378D2D9F}.Release|Any CPU.ActiveCfg = Release|Any CPU
		{1C44443C-73B3-4FCE-A593-79A8378D2D9F}.Release|Any CPU.Build.0 = Release|Any CPU
		{44073A4C-FBBD-4497-A3DC-FD80DADC85E5}.Debug|Any CPU.ActiveCfg = Debug|Any CPU
		{44073A4C-FBBD-4497-A3DC-FD80DADC85E5}.Debug|Any CPU.Build.0 = Debug|Any CPU
		{44073A4C-FBBD-4497-A3DC-FD80DADC85E5}.Release|Any CPU.ActiveCfg = Release|Any CPU
		{44073A4C-FBBD-4497-A3DC-FD80DADC85E5}.Release|Any CPU.Build.0 = Release|Any CPU
		{D450B810-B828-4FCA-B3E2-03DF7D8792E3}.Debug|Any CPU.ActiveCfg = Debug|Any CPU
		{D450B810-B828-4FCA-B3E2-03DF7D8792E3}.Debug|Any CPU.Build.0 = Debug|Any CPU
		{D450B810-B828-4FCA-B3E2-03DF7D8792E3}.Release|Any CPU.ActiveCfg = Release|Any CPU
		{D450B810-B828-4FCA-B3E2-03DF7D8792E3}.Release|Any CPU.Build.0 = Release|Any CPU
		{17502C87-3CF4-477F-A02E-770B24413095}.Debug|Any CPU.ActiveCfg = Debug|Any CPU
		{17502C87-3CF4-477F-A02E-770B24413095}.Debug|Any CPU.Build.0 = Debug|Any CPU
		{17502C87-3CF4-477F-A02E-770B24413095}.Release|Any CPU.ActiveCfg = Release|Any CPU
		{17502C87-3CF4-477F-A02E-770B24413095}.Release|Any CPU.Build.0 = Release|Any CPU
		{AAD44595-9C6C-421E-933C-95B5864B22D6}.Debug|Any CPU.ActiveCfg = Debug|Any CPU
		{AAD44595-9C6C-421E-933C-95B5864B22D6}.Debug|Any CPU.Build.0 = Debug|Any CPU
		{AAD44595-9C6C-421E-933C-95B5864B22D6}.Release|Any CPU.ActiveCfg = Release|Any CPU
		{AAD44595-9C6C-421E-933C-95B5864B22D6}.Release|Any CPU.Build.0 = Release|Any CPU
	EndGlobalSection
	GlobalSection(SolutionProperties) = preSolution
		HideSolutionNode = FALSE
	EndGlobalSection
	GlobalSection(NestedProjects) = preSolution
		{B8755BD1-DB7B-4197-AA30-93D9F32CAA86} = {50D8E0EB-A74D-4744-B486-E5DE724B9A78}
		{E76D8C98-BCDD-42D6-9BF9-4A4EF932FCD2} = {50D8E0EB-A74D-4744-B486-E5DE724B9A78}
		{1C44443C-73B3-4FCE-A593-79A8378D2D9F} = {EBCA3D9E-1EAD-42B0-AEAC-DD674D9EA4D8}
		{44073A4C-FBBD-4497-A3DC-FD80DADC85E5} = {A76C8102-61AA-4CB5-804E-B05C08F2458B}
		{D450B810-B828-4FCA-B3E2-03DF7D8792E3} = {A45FC9AA-6E37-4285-BC04-46A535878124}
		{17502C87-3CF4-477F-A02E-770B24413095} = {B8755BD1-DB7B-4197-AA30-93D9F32CAA86}
		{AAD44595-9C6C-421E-933C-95B5864B22D6} = {E76D8C98-BCDD-42D6-9BF9-4A4EF932FCD2}
	EndGlobalSection
	GlobalSection(ExtensibilityGlobals) = postSolution
		SolutionGuid = {6DD11A8F-1495-4621-B535-77DCB11371D4}
	EndGlobalSection
EndGlobal
